
Microsoft Visual Studio Solution File, Format Version 12.00
# Visual Studio 15
VisualStudioVersion = 15.0.27428.2027
MinimumVisualStudioVersion = 10.0.40219.1
Project("{FAE04EC0-301F-11D3-BF4B-00C04F79EFBC}") = "Scribble", "MyPaint\Scribble.csproj", "{9419FC3B-AF76-4A0A-AD35-55FE9A176701}"
EndProject
Global
	GlobalSection(SolutionConfigurationPlatforms) = preSolution
		Debug|Any CPU = Debug|Any CPU
		Release|Any CPU = Release|Any CPU
	EndGlobalSection
	GlobalSection(ProjectConfigurationPlatforms) = postSolution
		{9419FC3B-AF76-4A0A-AD35-55FE9A176701}.Debug|Any CPU.ActiveCfg = Debug|Any CPU
		{9419FC3B-AF76-4A0A-AD35-55FE9A176701}.Debug|Any CPU.Build.0 = Debug|Any CPU
		{9419FC3B-AF76-4A0A-AD35-55FE9A176701}.Release|Any CPU.ActiveCfg = Release|Any CPU
		{9419FC3B-AF76-4A0A-AD35-55FE9A176701}.Release|Any CPU.Build.0 = Release|Any CPU
	EndGlobalSection
	GlobalSection(SolutionProperties) = preSolution
		HideSolutionNode = FALSE
	EndGlobalSection
	GlobalSection(ExtensibilityGlobals) = postSolution
		SolutionGuid = {BD6E53E4-5EB9-43FC-BBB0-1D803DC0A527}
	EndGlobalSection
EndGlobal
